// !$*UTF8*$!
{
	archiveVersion = 1;
	classes = {
	};
	objectVersion = 46;
	objects = {

/* Begin PBXBuildFile section */
		B6DF1D751C78764800F6F780 /* main.m in Sources */ = {isa = PBXBuildFile; fileRef = B6DF1D741C78764800F6F780 /* main.m */; };
		B6DF1D781C78764800F6F780 /* AppDelegate.m in Sources */ = {isa = PBXBuildFile; fileRef = B6DF1D771C78764800F6F780 /* AppDelegate.m */; };
		B6DF1D7B1C78764800F6F780 /* ViewController.m in Sources */ = {isa = PBXBuildFile; fileRef = B6DF1D7A1C78764800F6F780 /* ViewController.m */; };
		B6DF1D7E1C78764800F6F780 /* Main.storyboard in Resources */ = {isa = PBXBuildFile; fileRef = B6DF1D7C1C78764800F6F780 /* Main.storyboard */; };
		B6DF1D801C78764800F6F780 /* Images.xcassets in Resources */ = {isa = PBXBuildFile; fileRef = B6DF1D7F1C78764800F6F780 /* Images.xcassets */; };
		B6DF1D831C78764800F6F780 /* LaunchScreen.xib in Resources */ = {isa = PBXBuildFile; fileRef = B6DF1D811C78764800F6F780 /* LaunchScreen.xib */; };
		B6DF1D8F1C78764800F6F780 /* SwizzlingTestTests.m in Sources */ = {isa = PBXBuildFile; fileRef = B6DF1D8E1C78764800F6F780 /* SwizzlingTestTests.m */; };
		B6DF1DA11C7883BF00F6F780 /* JRSwizzle.m in Sources */ = {isa = PBXBuildFile; fileRef = B6DF1DA01C7883BF00F6F780 /* JRSwizzle.m */; };
		B6DF1DA41C78AD7C00F6F780 /* YOUIControl.m in Sources */ = {isa = PBXBuildFile; fileRef = B6DF1DA31C78AD7C00F6F780 /* YOUIControl.m */; };
		B6DF1DA71C78AE4F00F6F780 /* YOCommonSwizzling.m in Sources */ = {isa = PBXBuildFile; fileRef = B6DF1DA61C78AE4F00F6F780 /* YOCommonSwizzling.m */; };
		B6DF1DAA1C78AEDC00F6F780 /* YOUIView.m in Sources */ = {isa = PBXBuildFile; fileRef = B6DF1DA91C78AEDC00F6F780 /* YOUIView.m */; };
		B6DF1DAD1C78DD0600F6F780 /* YOUIButton.m in Sources */ = {isa = PBXBuildFile; fileRef = B6DF1DAC1C78DD0600F6F780 /* YOUIButton.m */; };
		B6DF1DB01C78DE2000F6F780 /* YOUILabel.m in Sources */ = {isa = PBXBuildFile; fileRef = B6DF1DAF1C78DE2000F6F780 /* YOUILabel.m */; };
/* End PBXBuildFile section */

/* Begin PBXContainerItemProxy section */
		B6DF1D891C78764800F6F780 /* PBXContainerItemProxy */ = {
			isa = PBXContainerItemProxy;
			containerPortal = B6DF1D671C78764800F6F780 /* Project object */;
			proxyType = 1;
			remoteGlobalIDString = B6DF1D6E1C78764800F6F780;
			remoteInfo = SwizzlingTest;
		};
/* End PBXContainerItemProxy section */

/* Begin PBXFileReference section */
		B6DF1D6F1C78764800F6F780 /* SwizzlingTest.app */ = {isa = PBXFileReference; explicitFileType = wrapper.application; includeInIndex = 0; path = SwizzlingTest.app; sourceTree = BUILT_PRODUCTS_DIR; };
		B6DF1D731C78764800F6F780 /* Info.plist */ = {isa = PBXFileReference; lastKnownFileType = text.plist.xml; path = Info.plist; sourceTree = "<group>"; };
		B6DF1D741C78764800F6F780 /* main.m */ = {isa = PBXFileReference; lastKnownFileType = sourcecode.c.objc; path = main.m; sourceTree = "<group>"; };
		B6DF1D761C78764800F6F780 /* AppDelegate.h */ = {isa = PBXFileReference; lastKnownFileType = sourcecode.c.h; path = AppDelegate.h; sourceTree = "<group>"; };
		B6DF1D771C78764800F6F780 /* AppDelegate.m */ = {isa = PBXFileReference; lastKnownFileType = sourcecode.c.objc; path = AppDelegate.m; sourceTree = "<group>"; };
		B6DF1D791C78764800F6F780 /* ViewController.h */ = {isa = PBXFileReference; lastKnownFileType = sourcecode.c.h; path = ViewController.h; sourceTree = "<group>"; };
		B6DF1D7A1C78764800F6F780 /* ViewController.m */ = {isa = PBXFileReference; lastKnownFileType = sourcecode.c.objc; path = ViewController.m; sourceTree = "<group>"; };
		B6DF1D7D1C78764800F6F780 /* Base */ = {isa = PBXFileReference; lastKnownFileType = file.storyboard; name = Base; path = Base.lproj/Main.storyboard; sourceTree = "<group>"; };
		B6DF1D7F1C78764800F6F780 /* Images.xcassets */ = {isa = PBXFileReference; lastKnownFileType = folder.assetcatalog; path = Images.xcassets; sourceTree = "<group>"; };
		B6DF1D821C78764800F6F780 /* Base */ = {isa = PBXFileReference; lastKnownFileType = file.xib; name = Base; path = Base.lproj/LaunchScreen.xib; sourceTree = "<group>"; };
		B6DF1D881C78764800F6F780 /* SwizzlingTestTests.xctest */ = {isa = PBXFileReference; explicitFileType = wrapper.cfbundle; includeInIndex = 0; path = SwizzlingTestTests.xctest; sourceTree = BUILT_PRODUCTS_DIR; };
		B6DF1D8D1C78764800F6F780 /* Info.plist */ = {isa = PBXFileReference; lastKnownFileType = text.plist.xml; path = Info.plist; sourceTree = "<group>"; };
		B6DF1D8E1C78764800F6F780 /* SwizzlingTestTests.m */ = {isa = PBXFileReference; lastKnownFileType = sourcecode.c.objc; path = SwizzlingTestTests.m; sourceTree = "<group>"; };
		B6DF1D9F1C7883BF00F6F780 /* JRSwizzle.h */ = {isa = PBXFileReference; fileEncoding = 4; lastKnownFileType = sourcecode.c.h; name = JRSwizzle.h; path = ../../JRSwizzle/JRSwizzle.h; sourceTree = "<group>"; };
		B6DF1DA01C7883BF00F6F780 /* JRSwizzle.m */ = {isa = PBXFileReference; fileEncoding = 4; lastKnownFileType = sourcecode.c.objc; name = JRSwizzle.m; path = ../../JRSwizzle/JRSwizzle.m; sourceTree = "<group>"; };
		B6DF1DA21C78AD7C00F6F780 /* YOUIControl.h */ = {isa = PBXFileReference; fileEncoding = 4; lastKnownFileType = sourcecode.c.h; path = YOUIControl.h; sourceTree = "<group>"; };
		B6DF1DA31C78AD7C00F6F780 /* YOUIControl.m */ = {isa = PBXFileReference; fileEncoding = 4; lastKnownFileType = sourcecode.c.objc; path = YOUIControl.m; sourceTree = "<group>"; };
		B6DF1DA51C78AE4F00F6F780 /* YOCommonSwizzling.h */ = {isa = PBXFileReference; fileEncoding = 4; lastKnownFileType = sourcecode.c.h; path = YOCommonSwizzling.h; sourceTree = "<group>"; };
		B6DF1DA61C78AE4F00F6F780 /* YOCommonSwizzling.m */ = {isa = PBXFileReference; fileEncoding = 4; lastKnownFileType = sourcecode.c.objc; path = YOCommonSwizzling.m; sourceTree = "<group>"; };
		B6DF1DA81C78AEDC00F6F780 /* YOUIView.h */ = {isa = PBXFileReference; fileEncoding = 4; lastKnownFileType = sourcecode.c.h; path = YOUIView.h; sourceTree = "<group>"; };
		B6DF1DA91C78AEDC00F6F780 /* YOUIView.m */ = {isa = PBXFileReference; fileEncoding = 4; lastKnownFileType = sourcecode.c.objc; path = YOUIView.m; sourceTree = "<group>"; };
		B6DF1DAB1C78DD0600F6F780 /* YOUIButton.h */ = {isa = PBXFileReference; fileEncoding = 4; lastKnownFileType = sourcecode.c.h; path = YOUIButton.h; sourceTree = "<group>"; };
		B6DF1DAC1C78DD0600F6F780 /* YOUIButton.m */ = {isa = PBXFileReference; fileEncoding = 4; lastKnownFileType = sourcecode.c.objc; path = YOUIButton.m; sourceTree = "<group>"; };
		B6DF1DAE1C78DE2000F6F780 /* YOUILabel.h */ = {isa = PBXFileReference; fileEncoding = 4; lastKnownFileType = sourcecode.c.h; path = YOUILabel.h; sourceTree = "<group>"; };
		B6DF1DAF1C78DE2000F6F780 /* YOUILabel.m */ = {isa = PBXFileReference; fileEncoding = 4; lastKnownFileType = sourcecode.c.objc; path = YOUILabel.m; sourceTree = "<group>"; };
/* End PBXFileReference section */

/* Begin PBXFrameworksBuildPhase section */
		B6DF1D6C1C78764800F6F780 /* Frameworks */ = {
			isa = PBXFrameworksBuildPhase;
			buildActionMask = 2147483647;
			files = (
			);
			runOnlyForDeploymentPostprocessing = 0;
		};
		B6DF1D851C78764800F6F780 /* Frameworks */ = {
			isa = PBXFrameworksBuildPhase;
			buildActionMask = 2147483647;
			files = (
			);
			runOnlyForDeploymentPostprocessing = 0;
		};
/* End PBXFrameworksBuildPhase section */

/* Begin PBXGroup section */
		B6DF1D661C78764800F6F780 = {
			isa = PBXGroup;
			children = (
				B6DF1D711C78764800F6F780 /* SwizzlingTest */,
				B6DF1D8B1C78764800F6F780 /* SwizzlingTestTests */,
				B6DF1D701C78764800F6F780 /* Products */,
			);
			sourceTree = "<group>";
		};
		B6DF1D701C78764800F6F780 /* Products */ = {
			isa = PBXGroup;
			children = (
				B6DF1D6F1C78764800F6F780 /* SwizzlingTest.app */,
				B6DF1D881C78764800F6F780 /* SwizzlingTestTests.xctest */,
			);
			name = Products;
			sourceTree = "<group>";
		};
		B6DF1D711C78764800F6F780 /* SwizzlingTest */ = {
			isa = PBXGroup;
			children = (
				B6DF1D981C78766400F6F780 /* swizzling */,
				B6DF1D761C78764800F6F780 /* AppDelegate.h */,
				B6DF1D771C78764800F6F780 /* AppDelegate.m */,
				B6DF1D791C78764800F6F780 /* ViewController.h */,
				B6DF1D7A1C78764800F6F780 /* ViewController.m */,
				B6DF1D7C1C78764800F6F780 /* Main.storyboard */,
				B6DF1D7F1C78764800F6F780 /* Images.xcassets */,
				B6DF1D811C78764800F6F780 /* LaunchScreen.xib */,
				B6DF1D721C78764800F6F780 /* Supporting Files */,
			);
			path = SwizzlingTest;
			sourceTree = "<group>";
		};
		B6DF1D721C78764800F6F780 /* Supporting Files */ = {
			isa = PBXGroup;
			children = (
				B6DF1D731C78764800F6F780 /* Info.plist */,
				B6DF1D741C78764800F6F780 /* main.m */,
			);
			name = "Supporting Files";
			sourceTree = "<group>";
		};
		B6DF1D8B1C78764800F6F780 /* SwizzlingTestTests */ = {
			isa = PBXGroup;
			children = (
				B6DF1D8E1C78764800F6F780 /* SwizzlingTestTests.m */,
				B6DF1D8C1C78764800F6F780 /* Supporting Files */,
			);
			path = SwizzlingTestTests;
			sourceTree = "<group>";
		};
		B6DF1D8C1C78764800F6F780 /* Supporting Files */ = {
			isa = PBXGroup;
			children = (
				B6DF1D8D1C78764800F6F780 /* Info.plist */,
			);
			name = "Supporting Files";
			sourceTree = "<group>";
		};
		B6DF1D981C78766400F6F780 /* swizzling */ = {
			isa = PBXGroup;
			children = (
				B6DF1D9F1C7883BF00F6F780 /* JRSwizzle.h */,
				B6DF1DA01C7883BF00F6F780 /* JRSwizzle.m */,
				B6DF1DA51C78AE4F00F6F780 /* YOCommonSwizzling.h */,
				B6DF1DA61C78AE4F00F6F780 /* YOCommonSwizzling.m */,
				B6DF1DA81C78AEDC00F6F780 /* YOUIView.h */,
				B6DF1DA91C78AEDC00F6F780 /* YOUIView.m */,
				B6DF1DA21C78AD7C00F6F780 /* YOUIControl.h */,
				B6DF1DA31C78AD7C00F6F780 /* YOUIControl.m */,
				B6DF1DAB1C78DD0600F6F780 /* YOUIButton.h */,
				B6DF1DAC1C78DD0600F6F780 /* YOUIButton.m */,
				B6DF1DAE1C78DE2000F6F780 /* YOUILabel.h */,
				B6DF1DAF1C78DE2000F6F780 /* YOUILabel.m */,
			);
			name = swizzling;
			sourceTree = "<group>";
		};
/* End PBXGroup section */

/* Begin PBXNativeTarget section */
		B6DF1D6E1C78764800F6F780 /* SwizzlingTest */ = {
			isa = PBXNativeTarget;
			buildConfigurationList = B6DF1D921C78764800F6F780 /* Build configuration list for PBXNativeTarget "SwizzlingTest" */;
			buildPhases = (
				B6DF1D6B1C78764800F6F780 /* Sources */,
				B6DF1D6C1C78764800F6F780 /* Frameworks */,
				B6DF1D6D1C78764800F6F780 /* Resources */,
			);
			buildRules = (
			);
			dependencies = (
			);
			name = SwizzlingTest;
			productName = SwizzlingTest;
			productReference = B6DF1D6F1C78764800F6F780 /* SwizzlingTest.app */;
			productType = "com.apple.product-type.application";
		};
		B6DF1D871C78764800F6F780 /* SwizzlingTestTests */ = {
			isa = PBXNativeTarget;
			buildConfigurationList = B6DF1D951C78764800F6F780 /* Build configuration list for PBXNativeTarget "SwizzlingTestTests" */;
			buildPhases = (
				B6DF1D841C78764800F6F780 /* Sources */,
				B6DF1D851C78764800F6F780 /* Frameworks */,
				B6DF1D861C78764800F6F780 /* Resources */,
			);
			buildRules = (
			);
			dependencies = (
				B6DF1D8A1C78764800F6F780 /* PBXTargetDependency */,
			);
			name = SwizzlingTestTests;
			productName = SwizzlingTestTests;
			productReference = B6DF1D881C78764800F6F780 /* SwizzlingTestTests.xctest */;
			productType = "com.apple.product-type.bundle.unit-test";
		};
/* End PBXNativeTarget section */

/* Begin PBXProject section */
		B6DF1D671C78764800F6F780 /* Project object */ = {
			isa = PBXProject;
			attributes = {
				LastUpgradeCheck = 0630;
				ORGANIZATIONNAME = "YO Pvt Ltd";
				TargetAttributes = {
					B6DF1D6E1C78764800F6F780 = {
						CreatedOnToolsVersion = 6.3.2;
					};
					B6DF1D871C78764800F6F780 = {
						CreatedOnToolsVersion = 6.3.2;
						TestTargetID = B6DF1D6E1C78764800F6F780;
					};
				};
			};
			buildConfigurationList = B6DF1D6A1C78764800F6F780 /* Build configuration list for PBXProject "SwizzlingTest" */;
			compatibilityVersion = "Xcode 3.2";
			developmentRegion = English;
			hasScannedForEncodings = 0;
			knownRegions = (
				en,
				Base,
			);
			mainGroup = B6DF1D661C78764800F6F780;
			productRefGroup = B6DF1D701C78764800F6F780 /* Products */;
			projectDirPath = "";
			projectRoot = "";
			targets = (
				B6DF1D6E1C78764800F6F780 /* SwizzlingTest */,
				B6DF1D871C78764800F6F780 /* SwizzlingTestTests */,
			);
		};
/* End PBXProject section */

/* Begin PBXResourcesBuildPhase section */
		B6DF1D6D1C78764800F6F780 /* Resources */ = {
			isa = PBXResourcesBuildPhase;
			buildActionMask = 2147483647;
			files = (
				B6DF1D7E1C78764800F6F780 /* Main.storyboard in Resources */,
				B6DF1D831C78764800F6F780 /* LaunchScreen.xib in Resources */,
				B6DF1D801C78764800F6F780 /* Images.xcassets in Resources */,
			);
			runOnlyForDeploymentPostprocessing = 0;
		};
		B6DF1D861C78764800F6F780 /* Resources */ = {
			isa = PBXResourcesBuildPhase;
			buildActionMask = 2147483647;
			files = (
			);
			runOnlyForDeploymentPostprocessing = 0;
		};
/* End PBXResourcesBuildPhase section */

/* Begin PBXSourcesBuildPhase section */
		B6DF1D6B1C78764800F6F780 /* Sources */ = {
			isa = PBXSourcesBuildPhase;
			buildActionMask = 2147483647;
			files = (
				B6DF1D7B1C78764800F6F780 /* ViewController.m in Sources */,
				B6DF1DB01C78DE2000F6F780 /* YOUILabel.m in Sources */,
				B6DF1D781C78764800F6F780 /* AppDelegate.m in Sources */,
				B6DF1D751C78764800F6F780 /* main.m in Sources */,
				B6DF1DA41C78AD7C00F6F780 /* YOUIControl.m in Sources */,
				B6DF1DA71C78AE4F00F6F780 /* YOCommonSwizzling.m in Sources */,
				B6DF1DAA1C78AEDC00F6F780 /* YOUIView.m in Sources */,
				B6DF1DA11C7883BF00F6F780 /* JRSwizzle.m in Sources */,
				B6DF1DAD1C78DD0600F6F780 /* YOUIButton.m in Sources */,
			);
			runOnlyForDeploymentPostprocessing = 0;
		};
		B6DF1D841C78764800F6F780 /* Sources */ = {
			isa = PBXSourcesBuildPhase;
			buildActionMask = 2147483647;
			files = (
				B6DF1D8F1C78764800F6F780 /* SwizzlingTestTests.m in Sources */,
			);
			runOnlyForDeploymentPostprocessing = 0;
		};
/* End PBXSourcesBuildPhase section */

/* Begin PBXTargetDependency section */
		B6DF1D8A1C78764800F6F780 /* PBXTargetDependency */ = {
			isa = PBXTargetDependency;
			target = B6DF1D6E1C78764800F6F780 /* SwizzlingTest */;
			targetProxy = B6DF1D891C78764800F6F780 /* PBXContainerItemProxy */;
		};
/* End PBXTargetDependency section */

/* Begin PBXVariantGroup section */
		B6DF1D7C1C78764800F6F780 /* Main.storyboard */ = {
			isa = PBXVariantGroup;
			children = (
				B6DF1D7D1C78764800F6F780 /* Base */,
			);
			name = Main.storyboard;
			sourceTree = "<group>";
		};
		B6DF1D811C78764800F6F780 /* LaunchScreen.xib */ = {
			isa = PBXVariantGroup;
			children = (
				B6DF1D821C78764800F6F780 /* Base */,
			);
			name = LaunchScreen.xib;
			sourceTree = "<group>";
		};
/* End PBXVariantGroup section */

/* Begin XCBuildConfiguration section */
		B6DF1D901C78764800F6F780 /* Debug */ = {
			isa = XCBuildConfiguration;
			buildSettings = {
				ALWAYS_SEARCH_USER_PATHS = NO;
				CLANG_CXX_LANGUAGE_STANDARD = "gnu++0x";
				CLANG_CXX_LIBRARY = "libc++";
				CLANG_ENABLE_MODULES = YES;
				CLANG_ENABLE_OBJC_ARC = YES;
				CLANG_WARN_BOOL_CONVERSION = YES;
				CLANG_WARN_CONSTANT_CONVERSION = YES;
				CLANG_WARN_DIRECT_OBJC_ISA_USAGE = YES_ERROR;
				CLANG_WARN_EMPTY_BODY = YES;
				CLANG_WARN_ENUM_CONVERSION = YES;
				CLANG_WARN_INT_CONVERSION = YES;
				CLANG_WARN_OBJC_ROOT_CLASS = YES_ERROR;
				CLANG_WARN_UNREACHABLE_CODE = YES;
				CLANG_WARN__DUPLICATE_METHOD_MATCH = YES;
				"CODE_SIGN_IDENTITY[sdk=iphoneos*]" = "iPhone Developer";
				COPY_PHASE_STRIP = NO;
				DEBUG_INFORMATION_FORMAT = "dwarf-with-dsym";
				ENABLE_STRICT_OBJC_MSGSEND = YES;
				GCC_C_LANGUAGE_STANDARD = gnu99;
				GCC_DYNAMIC_NO_PIC = NO;
				GCC_NO_COMMON_BLOCKS = YES;
				GCC_OPTIMIZATION_LEVEL = 0;
				GCC_PREPROCESSOR_DEFINITIONS = (
					"DEBUG=1",
					"$(inherited)",
				);
				GCC_SYMBOLS_PRIVATE_EXTERN = NO;
				GCC_WARN_64_TO_32_BIT_CONVERSION = YES;
				GCC_WARN_ABOUT_RETURN_TYPE = YES_ERROR;
				GCC_WARN_UNDECLARED_SELECTOR = YES;
				GCC_WARN_UNINITIALIZED_AUTOS = YES_AGGRESSIVE;
				GCC_WARN_UNUSED_FUNCTION = YES;
				GCC_WARN_UNUSED_VARIABLE = YES;
				IPHONEOS_DEPLOYMENT_TARGET = 8.3;
				MTL_ENABLE_DEBUG_INFO = YES;
				ONLY_ACTIVE_ARCH = YES;
				SDKROOT = iphoneos;
				TARGETED_DEVICE_FAMILY = "1,2";
			};
			name = Debug;
		};
		B6DF1D911C78764800F6F780 /* Release */ = {
			isa = XCBuildConfiguration;
			buildSettings = {
				ALWAYS_SEARCH_USER_PATHS = NO;
				CLANG_CXX_LANGUAGE_STANDARD = "gnu++0x";
				CLANG_CXX_LIBRARY = "libc++";
				CLANG_ENABLE_MODULES = YES;
				CLANG_ENABLE_OBJC_ARC = YES;
				CLANG_WARN_BOOL_CONVERSION = YES;
				CLANG_WARN_CONSTANT_CONVERSION = YES;
				CLANG_WARN_DIRECT_OBJC_ISA_USAGE = YES_ERROR;
				CLANG_WARN_EMPTY_BODY = YES;
				CLANG_WARN_ENUM_CONVERSION = YES;
				CLANG_WARN_INT_CONVERSION = YES;
				CLANG_WARN_OBJC_ROOT_CLASS = YES_ERROR;
				CLANG_WARN_UNREACHABLE_CODE = YES;
				CLANG_WARN__DUPLICATE_METHOD_MATCH = YES;
				"CODE_SIGN_IDENTITY[sdk=iphoneos*]" = "iPhone Developer";
				COPY_PHASE_STRIP = NO;
				DEBUG_INFORMATION_FORMAT = "dwarf-with-dsym";
				ENABLE_NS_ASSERTIONS = NO;
				ENABLE_STRICT_OBJC_MSGSEND = YES;
				GCC_C_LANGUAGE_STANDARD = gnu99;
				GCC_NO_COMMON_BLOCKS = YES;
				GCC_WARN_64_TO_32_BIT_CONVERSION = YES;
				GCC_WARN_ABOUT_RETURN_TYPE = YES_ERROR;
				GCC_WARN_UNDECLARED_SELECTOR = YES;
				GCC_WARN_UNINITIALIZED_AUTOS = YES_AGGRESSIVE;
				GCC_WARN_UNUSED_FUNCTION = YES;
				GCC_WARN_UNUSED_VARIABLE = YES;
				IPHONEOS_DEPLOYMENT_TARGET = 8.3;
				MTL_ENABLE_DEBUG_INFO = NO;
				SDKROOT = iphoneos;
				TARGETED_DEVICE_FAMILY = "1,2";
				VALIDATE_PRODUCT = YES;
			};
			name = Release;
		};
		B6DF1D931C78764800F6F780 /* Debug */ = {
			isa = XCBuildConfiguration;
			buildSettings = {
				ASSETCATALOG_COMPILER_APPICON_NAME = AppIcon;
				INFOPLIST_FILE = SwizzlingTest/Info.plist;
				LD_RUNPATH_SEARCH_PATHS = "$(inherited) @executable_path/Frameworks";
				PRODUCT_NAME = "$(TARGET_NAME)";
			};
			name = Debug;
		};
		B6DF1D941C78764800F6F780 /* Release */ = {
			isa = XCBuildConfiguration;
			buildSettings = {
				ASSETCATALOG_COMPILER_APPICON_NAME = AppIcon;
				INFOPLIST_FILE = SwizzlingTest/Info.plist;
				LD_RUNPATH_SEARCH_PATHS = "$(inherited) @executable_path/Frameworks";
				PRODUCT_NAME = "$(TARGET_NAME)";
			};
			name = Release;
		};
		B6DF1D961C78764800F6F780 /* Debug */ = {
			isa = XCBuildConfiguration;
			buildSettings = {
				BUNDLE_LOADER = "$(TEST_HOST)";
				FRAMEWORK_SEARCH_PATHS = (
					"$(SDKROOT)/Developer/Library/Frameworks",
					"$(inherited)",
				);
				GCC_PREPROCESSOR_DEFINITIONS = (
					"DEBUG=1",
					"$(inherited)",
				);
				INFOPLIST_FILE = SwizzlingTestTests/Info.plist;
				LD_RUNPATH_SEARCH_PATHS = "$(inherited) @executable_path/Frameworks @loader_path/Frameworks";
				PRODUCT_NAME = "$(TARGET_NAME)";
				TEST_HOST = "$(BUILT_PRODUCTS_DIR)/SwizzlingTest.app/SwizzlingTest";
			};
			name = Debug;
		};
		B6DF1D971C78764800F6F780 /* Release */ = {
			isa = XCBuildConfiguration;
			buildSettings = {
				BUNDLE_LOADER = "$(TEST_HOST)";
				FRAMEWORK_SEARCH_PATHS = (
					"$(SDKROOT)/Developer/Library/Frameworks",
					"$(inherited)",
				);
				INFOPLIST_FILE = SwizzlingTestTests/Info.plist;
				LD_RUNPATH_SEARCH_PATHS = "$(inherited) @executable_path/Frameworks @loader_path/Frameworks";
				PRODUCT_NAME = "$(TARGET_NAME)";
				TEST_HOST = "$(BUILT_PRODUCTS_DIR)/SwizzlingTest.app/SwizzlingTest";
			};
			name = Release;
		};
/* End XCBuildConfiguration section */

/* Begin XCConfigurationList section */
		B6DF1D6A1C78764800F6F780 /* Build configuration list for PBXProject "SwizzlingTest" */ = {
			isa = XCConfigurationList;
			buildConfigurations = (
				B6DF1D901C78764800F6F780 /* Debug */,
				B6DF1D911C78764800F6F780 /* Release */,
			);
			defaultConfigurationIsVisible = 0;
			defaultConfigurationName = Release;
		};
		B6DF1D921C78764800F6F780 /* Build configuration list for PBXNativeTarget "SwizzlingTest" */ = {
			isa = XCConfigurationList;
			buildConfigurations = (
				B6DF1D931C78764800F6F780 /* Debug */,
				B6DF1D941C78764800F6F780 /* Release */,
			);
			defaultConfigurationIsVisible = 0;
			defaultConfigurationName = Release;
		};
		B6DF1D951C78764800F6F780 /* Build configuration list for PBXNativeTarget "SwizzlingTestTests" */ = {
			isa = XCConfigurationList;
			buildConfigurations = (
				B6DF1D961C78764800F6F780 /* Debug */,
				B6DF1D971C78764800F6F780 /* Release */,
			);
			defaultConfigurationIsVisible = 0;
			defaultConfigurationName = Release;
		};
/* End XCConfigurationList section */
	};
	rootObject = B6DF1D671C78764800F6F780 /* Project object */;
}
